// !$*UTF8*$!
{
	archiveVersion = 1;
	classes = {
	};
	objectVersion = 50;
	objects = {

/* Begin PBXBuildFile section */
		195A84E424289E929CAF44F0 /* Pods_KaPaoTung.framework in Frameworks */ = {isa = PBXBuildFile; fileRef = C0A8408F926D8D2AB8437845 /* Pods_KaPaoTung.framework */; };
		1D682429E980364075C46DFE /* Pods_KaPaoTungTests.framework in Frameworks */ = {isa = PBXBuildFile; fileRef = 4A27361A5B6A03CB961EFE45 /* Pods_KaPaoTungTests.framework */; };
		4B4AE7FBC46EBF259008E030 /* Pods_KaPaoTungUITests.framework in Frameworks */ = {isa = PBXBuildFile; fileRef = D04BF80435BE2E8A334E7ABC /* Pods_KaPaoTungUITests.framework */; };
		DB2CFDE1213040A4004ADE81 /* AppDelegate.swift in Sources */ = {isa = PBXBuildFile; fileRef = DB2CFDE0213040A4004ADE81 /* AppDelegate.swift */; };
		DB2CFDE3213040A4004ADE81 /* ViewController.swift in Sources */ = {isa = PBXBuildFile; fileRef = DB2CFDE2213040A4004ADE81 /* ViewController.swift */; };
		DB2CFDE6213040A4004ADE81 /* Main.storyboard in Resources */ = {isa = PBXBuildFile; fileRef = DB2CFDE4213040A4004ADE81 /* Main.storyboard */; };
		DB2CFDE8213040A6004ADE81 /* Assets.xcassets in Resources */ = {isa = PBXBuildFile; fileRef = DB2CFDE7213040A6004ADE81 /* Assets.xcassets */; };
		DB2CFDEB213040A6004ADE81 /* LaunchScreen.storyboard in Resources */ = {isa = PBXBuildFile; fileRef = DB2CFDE9213040A6004ADE81 /* LaunchScreen.storyboard */; };
		DB2CFDF6213040A6004ADE81 /* KaPaoTungTests.swift in Sources */ = {isa = PBXBuildFile; fileRef = DB2CFDF5213040A6004ADE81 /* KaPaoTungTests.swift */; };
		DB2CFE01213040A6004ADE81 /* KaPaoTungUITests.swift in Sources */ = {isa = PBXBuildFile; fileRef = DB2CFE00213040A6004ADE81 /* KaPaoTungUITests.swift */; };
		DB78BA342131834C00FF0DF6 /* LocalAuthentication.framework in Frameworks */ = {isa = PBXBuildFile; fileRef = DB78BA332131834B00FF0DF6 /* LocalAuthentication.framework */; };
		DB78BA362131AFCD00FF0DF6 /* wallet.png in Resources */ = {isa = PBXBuildFile; fileRef = DB78BA352131AFB600FF0DF6 /* wallet.png */; };
		DB78BA382131B20500FF0DF6 /* GoogleService-Info.plist in Resources */ = {isa = PBXBuildFile; fileRef = DB78BA372131B20500FF0DF6 /* GoogleService-Info.plist */; };
/* End PBXBuildFile section */

/* Begin PBXContainerItemProxy section */
		DB2CFDF2213040A6004ADE81 /* PBXContainerItemProxy */ = {
			isa = PBXContainerItemProxy;
			containerPortal = DB2CFDD5213040A4004ADE81 /* Project object */;
			proxyType = 1;
			remoteGlobalIDString = DB2CFDDC213040A4004ADE81;
			remoteInfo = KaPaoTung;
		};
		DB2CFDFD213040A6004ADE81 /* PBXContainerItemProxy */ = {
			isa = PBXContainerItemProxy;
			containerPortal = DB2CFDD5213040A4004ADE81 /* Project object */;
			proxyType = 1;
			remoteGlobalIDString = DB2CFDDC213040A4004ADE81;
			remoteInfo = KaPaoTung;
		};
/* End PBXContainerItemProxy section */

/* Begin PBXFileReference section */
		1C8F4BAB553C660CC1E0E999 /* Pods-KaPaoTungUITests.release.xcconfig */ = {isa = PBXFileReference; includeInIndex = 1; lastKnownFileType = text.xcconfig; name = "Pods-KaPaoTungUITests.release.xcconfig"; path = "Pods/Target Support Files/Pods-KaPaoTungUITests/Pods-KaPaoTungUITests.release.xcconfig"; sourceTree = "<group>"; };
		2462DFBD75D20B7FA17BB344 /* Pods-KaPaoTungUITests.debug.xcconfig */ = {isa = PBXFileReference; includeInIndex = 1; lastKnownFileType = text.xcconfig; name = "Pods-KaPaoTungUITests.debug.xcconfig"; path = "Pods/Target Support Files/Pods-KaPaoTungUITests/Pods-KaPaoTungUITests.debug.xcconfig"; sourceTree = "<group>"; };
		2CDB0A8E80F9D6AD69A8A640 /* Pods-KaPaoTungTests.release.xcconfig */ = {isa = PBXFileReference; includeInIndex = 1; lastKnownFileType = text.xcconfig; name = "Pods-KaPaoTungTests.release.xcconfig"; path = "Pods/Target Support Files/Pods-KaPaoTungTests/Pods-KaPaoTungTests.release.xcconfig"; sourceTree = "<group>"; };
		4A27361A5B6A03CB961EFE45 /* Pods_KaPaoTungTests.framework */ = {isa = PBXFileReference; explicitFileType = wrapper.framework; includeInIndex = 0; path = Pods_KaPaoTungTests.framework; sourceTree = BUILT_PRODUCTS_DIR; };
		7F1006C3679DC927858DA66C /* Pods-KaPaoTungTests.debug.xcconfig */ = {isa = PBXFileReference; includeInIndex = 1; lastKnownFileType = text.xcconfig; name = "Pods-KaPaoTungTests.debug.xcconfig"; path = "Pods/Target Support Files/Pods-KaPaoTungTests/Pods-KaPaoTungTests.debug.xcconfig"; sourceTree = "<group>"; };
		C0A8408F926D8D2AB8437845 /* Pods_KaPaoTung.framework */ = {isa = PBXFileReference; explicitFileType = wrapper.framework; includeInIndex = 0; path = Pods_KaPaoTung.framework; sourceTree = BUILT_PRODUCTS_DIR; };
		C1056AF14B87DB09CD011285 /* Pods-KaPaoTung.debug.xcconfig */ = {isa = PBXFileReference; includeInIndex = 1; lastKnownFileType = text.xcconfig; name = "Pods-KaPaoTung.debug.xcconfig"; path = "Pods/Target Support Files/Pods-KaPaoTung/Pods-KaPaoTung.debug.xcconfig"; sourceTree = "<group>"; };
		C2F45FD554426EE9927F8330 /* Pods-KaPaoTung.release.xcconfig */ = {isa = PBXFileReference; includeInIndex = 1; lastKnownFileType = text.xcconfig; name = "Pods-KaPaoTung.release.xcconfig"; path = "Pods/Target Support Files/Pods-KaPaoTung/Pods-KaPaoTung.release.xcconfig"; sourceTree = "<group>"; };
		D04BF80435BE2E8A334E7ABC /* Pods_KaPaoTungUITests.framework */ = {isa = PBXFileReference; explicitFileType = wrapper.framework; includeInIndex = 0; path = Pods_KaPaoTungUITests.framework; sourceTree = BUILT_PRODUCTS_DIR; };
		DB2CFDDD213040A4004ADE81 /* KaPaoTung.app */ = {isa = PBXFileReference; explicitFileType = wrapper.application; includeInIndex = 0; path = KaPaoTung.app; sourceTree = BUILT_PRODUCTS_DIR; };
		DB2CFDE0213040A4004ADE81 /* AppDelegate.swift */ = {isa = PBXFileReference; lastKnownFileType = sourcecode.swift; path = AppDelegate.swift; sourceTree = "<group>"; };
		DB2CFDE2213040A4004ADE81 /* ViewController.swift */ = {isa = PBXFileReference; lastKnownFileType = sourcecode.swift; path = ViewController.swift; sourceTree = "<group>"; };
		DB2CFDE5213040A4004ADE81 /* Base */ = {isa = PBXFileReference; lastKnownFileType = file.storyboard; name = Base; path = Base.lproj/Main.storyboard; sourceTree = "<group>"; };
		DB2CFDE7213040A6004ADE81 /* Assets.xcassets */ = {isa = PBXFileReference; lastKnownFileType = folder.assetcatalog; path = Assets.xcassets; sourceTree = "<group>"; };
		DB2CFDEA213040A6004ADE81 /* Base */ = {isa = PBXFileReference; lastKnownFileType = file.storyboard; name = Base; path = Base.lproj/LaunchScreen.storyboard; sourceTree = "<group>"; };
		DB2CFDEC213040A6004ADE81 /* Info.plist */ = {isa = PBXFileReference; lastKnownFileType = text.plist.xml; path = Info.plist; sourceTree = "<group>"; };
		DB2CFDF1213040A6004ADE81 /* KaPaoTungTests.xctest */ = {isa = PBXFileReference; explicitFileType = wrapper.cfbundle; includeInIndex = 0; path = KaPaoTungTests.xctest; sourceTree = BUILT_PRODUCTS_DIR; };
		DB2CFDF5213040A6004ADE81 /* KaPaoTungTests.swift */ = {isa = PBXFileReference; lastKnownFileType = sourcecode.swift; path = KaPaoTungTests.swift; sourceTree = "<group>"; };
		DB2CFDF7213040A6004ADE81 /* Info.plist */ = {isa = PBXFileReference; lastKnownFileType = text.plist.xml; path = Info.plist; sourceTree = "<group>"; };
		DB2CFDFC213040A6004ADE81 /* KaPaoTungUITests.xctest */ = {isa = PBXFileReference; explicitFileType = wrapper.cfbundle; includeInIndex = 0; path = KaPaoTungUITests.xctest; sourceTree = BUILT_PRODUCTS_DIR; };
		DB2CFE00213040A6004ADE81 /* KaPaoTungUITests.swift */ = {isa = PBXFileReference; lastKnownFileType = sourcecode.swift; path = KaPaoTungUITests.swift; sourceTree = "<group>"; };
		DB2CFE02213040A6004ADE81 /* Info.plist */ = {isa = PBXFileReference; lastKnownFileType = text.plist.xml; path = Info.plist; sourceTree = "<group>"; };
		DB78BA332131834B00FF0DF6 /* LocalAuthentication.framework */ = {isa = PBXFileReference; lastKnownFileType = wrapper.framework; name = LocalAuthentication.framework; path = System/Library/Frameworks/LocalAuthentication.framework; sourceTree = SDKROOT; };
		DB78BA352131AFB600FF0DF6 /* wallet.png */ = {isa = PBXFileReference; lastKnownFileType = image.png; name = wallet.png; path = ../../../image/wallet.png; sourceTree = "<group>"; };
		DB78BA372131B20500FF0DF6 /* GoogleService-Info.plist */ = {isa = PBXFileReference; fileEncoding = 4; lastKnownFileType = text.plist.xml; name = "GoogleService-Info.plist"; path = "../../../../Downloads/GoogleService-Info.plist"; sourceTree = "<group>"; };
/* End PBXFileReference section */

/* Begin PBXFrameworksBuildPhase section */
		DB2CFDDA213040A4004ADE81 /* Frameworks */ = {
			isa = PBXFrameworksBuildPhase;
			buildActionMask = 2147483647;
			files = (
				DB78BA342131834C00FF0DF6 /* LocalAuthentication.framework in Frameworks */,
				195A84E424289E929CAF44F0 /* Pods_KaPaoTung.framework in Frameworks */,
			);
			runOnlyForDeploymentPostprocessing = 0;
		};
		DB2CFDEE213040A6004ADE81 /* Frameworks */ = {
			isa = PBXFrameworksBuildPhase;
			buildActionMask = 2147483647;
			files = (
				1D682429E980364075C46DFE /* Pods_KaPaoTungTests.framework in Frameworks */,
			);
			runOnlyForDeploymentPostprocessing = 0;
		};
		DB2CFDF9213040A6004ADE81 /* Frameworks */ = {
			isa = PBXFrameworksBuildPhase;
			buildActionMask = 2147483647;
			files = (
				4B4AE7FBC46EBF259008E030 /* Pods_KaPaoTungUITests.framework in Frameworks */,
			);
			runOnlyForDeploymentPostprocessing = 0;
		};
/* End PBXFrameworksBuildPhase section */

/* Begin PBXGroup section */
		3226280929201D3E4F4E635B /* Pods */ = {
			isa = PBXGroup;
			children = (
				C1056AF14B87DB09CD011285 /* Pods-KaPaoTung.debug.xcconfig */,
				C2F45FD554426EE9927F8330 /* Pods-KaPaoTung.release.xcconfig */,
				7F1006C3679DC927858DA66C /* Pods-KaPaoTungTests.debug.xcconfig */,
				2CDB0A8E80F9D6AD69A8A640 /* Pods-KaPaoTungTests.release.xcconfig */,
				2462DFBD75D20B7FA17BB344 /* Pods-KaPaoTungUITests.debug.xcconfig */,
				1C8F4BAB553C660CC1E0E999 /* Pods-KaPaoTungUITests.release.xcconfig */,
			);
			name = Pods;
			sourceTree = "<group>";
		};
		DB2CFDD4213040A4004ADE81 = {
			isa = PBXGroup;
			children = (
				DB2CFDDF213040A4004ADE81 /* KaPaoTung */,
				DB2CFDF4213040A6004ADE81 /* KaPaoTungTests */,
				DB2CFDFF213040A6004ADE81 /* KaPaoTungUITests */,
				DB2CFDDE213040A4004ADE81 /* Products */,
				3226280929201D3E4F4E635B /* Pods */,
				ECEB0C9F9EA77A82A770ECF3 /* Frameworks */,
			);
			sourceTree = "<group>";
		};
		DB2CFDDE213040A4004ADE81 /* Products */ = {
			isa = PBXGroup;
			children = (
				DB2CFDDD213040A4004ADE81 /* KaPaoTung.app */,
				DB2CFDF1213040A6004ADE81 /* KaPaoTungTests.xctest */,
				DB2CFDFC213040A6004ADE81 /* KaPaoTungUITests.xctest */,
			);
			name = Products;
			sourceTree = "<group>";
		};
		DB2CFDDF213040A4004ADE81 /* KaPaoTung */ = {
			isa = PBXGroup;
			children = (
				DB78BA372131B20500FF0DF6 /* GoogleService-Info.plist */,
				DB2CFDE0213040A4004ADE81 /* AppDelegate.swift */,
				DB2CFDE2213040A4004ADE81 /* ViewController.swift */,
				DB2CFDE4213040A4004ADE81 /* Main.storyboard */,
				DB2CFDE7213040A6004ADE81 /* Assets.xcassets */,
				DB2CFDE9213040A6004ADE81 /* LaunchScreen.storyboard */,
				DB78BA352131AFB600FF0DF6 /* wallet.png */,
				DB2CFDEC213040A6004ADE81 /* Info.plist */,
			);
			path = KaPaoTung;
			sourceTree = "<group>";
		};
		DB2CFDF4213040A6004ADE81 /* KaPaoTungTests */ = {
			isa = PBXGroup;
			children = (
				DB2CFDF5213040A6004ADE81 /* KaPaoTungTests.swift */,
				DB2CFDF7213040A6004ADE81 /* Info.plist */,
			);
			path = KaPaoTungTests;
			sourceTree = "<group>";
		};
		DB2CFDFF213040A6004ADE81 /* KaPaoTungUITests */ = {
			isa = PBXGroup;
			children = (
				DB2CFE00213040A6004ADE81 /* KaPaoTungUITests.swift */,
				DB2CFE02213040A6004ADE81 /* Info.plist */,
			);
			path = KaPaoTungUITests;
			sourceTree = "<group>";
		};
		ECEB0C9F9EA77A82A770ECF3 /* Frameworks */ = {
			isa = PBXGroup;
			children = (
				DB78BA332131834B00FF0DF6 /* LocalAuthentication.framework */,
				C0A8408F926D8D2AB8437845 /* Pods_KaPaoTung.framework */,
				4A27361A5B6A03CB961EFE45 /* Pods_KaPaoTungTests.framework */,
				D04BF80435BE2E8A334E7ABC /* Pods_KaPaoTungUITests.framework */,
			);
			name = Frameworks;
			sourceTree = "<group>";
		};
/* End PBXGroup section */

/* Begin PBXNativeTarget section */
		DB2CFDDC213040A4004ADE81 /* KaPaoTung */ = {
			isa = PBXNativeTarget;
			buildConfigurationList = DB2CFE05213040A6004ADE81 /* Build configuration list for PBXNativeTarget "KaPaoTung" */;
			buildPhases = (
				C2434BDC6DC7266CF252B847 /* [CP] Check Pods Manifest.lock */,
				DB2CFDD9213040A4004ADE81 /* Sources */,
				DB2CFDDA213040A4004ADE81 /* Frameworks */,
				DB2CFDDB213040A4004ADE81 /* Resources */,
				BB11073FBE25CD9875212ECF /* [CP] Embed Pods Frameworks */,
			);
			buildRules = (
			);
			dependencies = (
			);
			name = KaPaoTung;
			productName = KaPaoTung;
			productReference = DB2CFDDD213040A4004ADE81 /* KaPaoTung.app */;
			productType = "com.apple.product-type.application";
		};
		DB2CFDF0213040A6004ADE81 /* KaPaoTungTests */ = {
			isa = PBXNativeTarget;
			buildConfigurationList = DB2CFE08213040A6004ADE81 /* Build configuration list for PBXNativeTarget "KaPaoTungTests" */;
			buildPhases = (
				1026CD16E80D5C1CC30454BA /* [CP] Check Pods Manifest.lock */,
				DB2CFDED213040A6004ADE81 /* Sources */,
				DB2CFDEE213040A6004ADE81 /* Frameworks */,
				DB2CFDEF213040A6004ADE81 /* Resources */,
			);
			buildRules = (
			);
			dependencies = (
				DB2CFDF3213040A6004ADE81 /* PBXTargetDependency */,
			);
			name = KaPaoTungTests;
			productName = KaPaoTungTests;
			productReference = DB2CFDF1213040A6004ADE81 /* KaPaoTungTests.xctest */;
			productType = "com.apple.product-type.bundle.unit-test";
		};
		DB2CFDFB213040A6004ADE81 /* KaPaoTungUITests */ = {
			isa = PBXNativeTarget;
			buildConfigurationList = DB2CFE0B213040A6004ADE81 /* Build configuration list for PBXNativeTarget "KaPaoTungUITests" */;
			buildPhases = (
				77D4700E14D4384757FC02AB /* [CP] Check Pods Manifest.lock */,
				DB2CFDF8213040A6004ADE81 /* Sources */,
				DB2CFDF9213040A6004ADE81 /* Frameworks */,
				DB2CFDFA213040A6004ADE81 /* Resources */,
			);
			buildRules = (
			);
			dependencies = (
				DB2CFDFE213040A6004ADE81 /* PBXTargetDependency */,
			);
			name = KaPaoTungUITests;
			productName = KaPaoTungUITests;
			productReference = DB2CFDFC213040A6004ADE81 /* KaPaoTungUITests.xctest */;
			productType = "com.apple.product-type.bundle.ui-testing";
		};
/* End PBXNativeTarget section */

/* Begin PBXProject section */
		DB2CFDD5213040A4004ADE81 /* Project object */ = {
			isa = PBXProject;
			attributes = {
				LastSwiftUpdateCheck = 0940;
				LastUpgradeCheck = 0940;
				ORGANIZATIONNAME = "Jidapa Kongsakoonwong";
				TargetAttributes = {
					DB2CFDDC213040A4004ADE81 = {
						CreatedOnToolsVersion = 9.4.1;
					};
					DB2CFDF0213040A6004ADE81 = {
						CreatedOnToolsVersion = 9.4.1;
						TestTargetID = DB2CFDDC213040A4004ADE81;
					};
					DB2CFDFB213040A6004ADE81 = {
						CreatedOnToolsVersion = 9.4.1;
						TestTargetID = DB2CFDDC213040A4004ADE81;
					};
				};
			};
			buildConfigurationList = DB2CFDD8213040A4004ADE81 /* Build configuration list for PBXProject "KaPaoTung" */;
			compatibilityVersion = "Xcode 9.3";
			developmentRegion = en;
			hasScannedForEncodings = 0;
			knownRegions = (
				en,
				Base,
			);
			mainGroup = DB2CFDD4213040A4004ADE81;
			productRefGroup = DB2CFDDE213040A4004ADE81 /* Products */;
			projectDirPath = "";
			projectRoot = "";
			targets = (
				DB2CFDDC213040A4004ADE81 /* KaPaoTung */,
				DB2CFDF0213040A6004ADE81 /* KaPaoTungTests */,
				DB2CFDFB213040A6004ADE81 /* KaPaoTungUITests */,
			);
		};
/* End PBXProject section */

/* Begin PBXResourcesBuildPhase section */
		DB2CFDDB213040A4004ADE81 /* Resources */ = {
			isa = PBXResourcesBuildPhase;
			buildActionMask = 2147483647;
			files = (
				DB2CFDEB213040A6004ADE81 /* LaunchScreen.storyboard in Resources */,
				DB2CFDE8213040A6004ADE81 /* Assets.xcassets in Resources */,
				DB78BA382131B20500FF0DF6 /* GoogleService-Info.plist in Resources */,
				DB78BA362131AFCD00FF0DF6 /* wallet.png in Resources */,
				DB2CFDE6213040A4004ADE81 /* Main.storyboard in Resources */,
			);
			runOnlyForDeploymentPostprocessing = 0;
		};
		DB2CFDEF213040A6004ADE81 /* Resources */ = {
			isa = PBXResourcesBuildPhase;
			buildActionMask = 2147483647;
			files = (
			);
			runOnlyForDeploymentPostprocessing = 0;
		};
		DB2CFDFA213040A6004ADE81 /* Resources */ = {
			isa = PBXResourcesBuildPhase;
			buildActionMask = 2147483647;
			files = (
			);
			runOnlyForDeploymentPostprocessing = 0;
		};
/* End PBXResourcesBuildPhase section */

/* Begin PBXShellScriptBuildPhase section */
		1026CD16E80D5C1CC30454BA /* [CP] Check Pods Manifest.lock */ = {
			isa = PBXShellScriptBuildPhase;
			buildActionMask = 2147483647;
			files = (
			);
			inputPaths = (
				"${PODS_PODFILE_DIR_PATH}/Podfile.lock",
				"${PODS_ROOT}/Manifest.lock",
			);
			name = "[CP] Check Pods Manifest.lock";
			outputPaths = (
				"$(DERIVED_FILE_DIR)/Pods-KaPaoTungTests-checkManifestLockResult.txt",
			);
			runOnlyForDeploymentPostprocessing = 0;
			shellPath = /bin/sh;
			shellScript = "diff \"${PODS_PODFILE_DIR_PATH}/Podfile.lock\" \"${PODS_ROOT}/Manifest.lock\" > /dev/null\nif [ $? != 0 ] ; then\n    # print error to STDERR\n    echo \"error: The sandbox is not in sync with the Podfile.lock. Run 'pod install' or update your CocoaPods installation.\" >&2\n    exit 1\nfi\n# This output is used by Xcode 'outputs' to avoid re-running this script phase.\necho \"SUCCESS\" > \"${SCRIPT_OUTPUT_FILE_0}\"\n";
			showEnvVarsInLog = 0;
		};
		77D4700E14D4384757FC02AB /* [CP] Check Pods Manifest.lock */ = {
			isa = PBXShellScriptBuildPhase;
			buildActionMask = 2147483647;
			files = (
			);
			inputPaths = (
				"${PODS_PODFILE_DIR_PATH}/Podfile.lock",
				"${PODS_ROOT}/Manifest.lock",
			);
			name = "[CP] Check Pods Manifest.lock";
			outputPaths = (
				"$(DERIVED_FILE_DIR)/Pods-KaPaoTungUITests-checkManifestLockResult.txt",
			);
			runOnlyForDeploymentPostprocessing = 0;
			shellPath = /bin/sh;
			shellScript = "diff \"${PODS_PODFILE_DIR_PATH}/Podfile.lock\" \"${PODS_ROOT}/Manifest.lock\" > /dev/null\nif [ $? != 0 ] ; then\n    # print error to STDERR\n    echo \"error: The sandbox is not in sync with the Podfile.lock. Run 'pod install' or update your CocoaPods installation.\" >&2\n    exit 1\nfi\n# This output is used by Xcode 'outputs' to avoid re-running this script phase.\necho \"SUCCESS\" > \"${SCRIPT_OUTPUT_FILE_0}\"\n";
			showEnvVarsInLog = 0;
		};
		BB11073FBE25CD9875212ECF /* [CP] Embed Pods Frameworks */ = {
			isa = PBXShellScriptBuildPhase;
			buildActionMask = 2147483647;
			files = (
			);
			inputPaths = (
				"${SRCROOT}/Pods/Target Support Files/Pods-KaPaoTung/Pods-KaPaoTung-frameworks.sh",
				"${BUILT_PRODUCTS_DIR}/GTMSessionFetcher/GTMSessionFetcher.framework",
				"${BUILT_PRODUCTS_DIR}/GoogleUtilities/GoogleUtilities.framework",
				"${BUILT_PRODUCTS_DIR}/leveldb-library/leveldb.framework",
				"${BUILT_PRODUCTS_DIR}/nanopb/nanopb.framework",
			);
			name = "[CP] Embed Pods Frameworks";
			outputPaths = (
				"${TARGET_BUILD_DIR}/${FRAMEWORKS_FOLDER_PATH}/GTMSessionFetcher.framework",
				"${TARGET_BUILD_DIR}/${FRAMEWORKS_FOLDER_PATH}/GoogleUtilities.framework",
				"${TARGET_BUILD_DIR}/${FRAMEWORKS_FOLDER_PATH}/leveldb.framework",
				"${TARGET_BUILD_DIR}/${FRAMEWORKS_FOLDER_PATH}/nanopb.framework",
			);
			runOnlyForDeploymentPostprocessing = 0;
			shellPath = /bin/sh;
			shellScript = "\"${SRCROOT}/Pods/Target Support Files/Pods-KaPaoTung/Pods-KaPaoTung-frameworks.sh\"\n";
			showEnvVarsInLog = 0;
		};
		C2434BDC6DC7266CF252B847 /* [CP] Check Pods Manifest.lock */ = {
			isa = PBXShellScriptBuildPhase;
			buildActionMask = 2147483647;
			files = (
			);
			inputPaths = (
				"${PODS_PODFILE_DIR_PATH}/Podfile.lock",
				"${PODS_ROOT}/Manifest.lock",
			);
			name = "[CP] Check Pods Manifest.lock";
			outputPaths = (
				"$(DERIVED_FILE_DIR)/Pods-KaPaoTung-checkManifestLockResult.txt",
			);
			runOnlyForDeploymentPostprocessing = 0;
			shellPath = /bin/sh;
			shellScript = "diff \"${PODS_PODFILE_DIR_PATH}/Podfile.lock\" \"${PODS_ROOT}/Manifest.lock\" > /dev/null\nif [ $? != 0 ] ; then\n    # print error to STDERR\n    echo \"error: The sandbox is not in sync with the Podfile.lock. Run 'pod install' or update your CocoaPods installation.\" >&2\n    exit 1\nfi\n# This output is used by Xcode 'outputs' to avoid re-running this script phase.\necho \"SUCCESS\" > \"${SCRIPT_OUTPUT_FILE_0}\"\n";
			showEnvVarsInLog = 0;
		};
/* End PBXShellScriptBuildPhase section */

/* Begin PBXSourcesBuildPhase section */
		DB2CFDD9213040A4004ADE81 /* Sources */ = {
			isa = PBXSourcesBuildPhase;
			buildActionMask = 2147483647;
			files = (
				DB2CFDE3213040A4004ADE81 /* ViewController.swift in Sources */,
				DB2CFDE1213040A4004ADE81 /* AppDelegate.swift in Sources */,
			);
			runOnlyForDeploymentPostprocessing = 0;
		};
		DB2CFDED213040A6004ADE81 /* Sources */ = {
			isa = PBXSourcesBuildPhase;
			buildActionMask = 2147483647;
			files = (
				DB2CFDF6213040A6004ADE81 /* KaPaoTungTests.swift in Sources */,
			);
			runOnlyForDeploymentPostprocessing = 0;
		};
		DB2CFDF8213040A6004ADE81 /* Sources */ = {
			isa = PBXSourcesBuildPhase;
			buildActionMask = 2147483647;
			files = (
				DB2CFE01213040A6004ADE81 /* KaPaoTungUITests.swift in Sources */,
			);
			runOnlyForDeploymentPostprocessing = 0;
		};
/* End PBXSourcesBuildPhase section */

/* Begin PBXTargetDependency section */
		DB2CFDF3213040A6004ADE81 /* PBXTargetDependency */ = {
			isa = PBXTargetDependency;
			target = DB2CFDDC213040A4004ADE81 /* KaPaoTung */;
			targetProxy = DB2CFDF2213040A6004ADE81 /* PBXContainerItemProxy */;
		};
		DB2CFDFE213040A6004ADE81 /* PBXTargetDependency */ = {
			isa = PBXTargetDependency;
			target = DB2CFDDC213040A4004ADE81 /* KaPaoTung */;
			targetProxy = DB2CFDFD213040A6004ADE81 /* PBXContainerItemProxy */;
		};
/* End PBXTargetDependency section */

/* Begin PBXVariantGroup section */
		DB2CFDE4213040A4004ADE81 /* Main.storyboard */ = {
			isa = PBXVariantGroup;
			children = (
				DB2CFDE5213040A4004ADE81 /* Base */,
			);
			name = Main.storyboard;
			sourceTree = "<group>";
		};
		DB2CFDE9213040A6004ADE81 /* LaunchScreen.storyboard */ = {
			isa = PBXVariantGroup;
			children = (
				DB2CFDEA213040A6004ADE81 /* Base */,
			);
			name = LaunchScreen.storyboard;
			sourceTree = "<group>";
		};
/* End PBXVariantGroup section */

/* Begin XCBuildConfiguration section */
		DB2CFE03213040A6004ADE81 /* Debug */ = {
			isa = XCBuildConfiguration;
			buildSettings = {
				ALWAYS_SEARCH_USER_PATHS = NO;
				CLANG_ANALYZER_NONNULL = YES;
				CLANG_ANALYZER_NUMBER_OBJECT_CONVERSION = YES_AGGRESSIVE;
				CLANG_CXX_LANGUAGE_STANDARD = "gnu++14";
				CLANG_CXX_LIBRARY = "libc++";
				CLANG_ENABLE_MODULES = YES;
				CLANG_ENABLE_OBJC_ARC = YES;
				CLANG_ENABLE_OBJC_WEAK = YES;
				CLANG_WARN_BLOCK_CAPTURE_AUTORELEASING = YES;
				CLANG_WARN_BOOL_CONVERSION = YES;
				CLANG_WARN_COMMA = YES;
				CLANG_WARN_CONSTANT_CONVERSION = YES;
				CLANG_WARN_DEPRECATED_OBJC_IMPLEMENTATIONS = YES;
				CLANG_WARN_DIRECT_OBJC_ISA_USAGE = YES_ERROR;
				CLANG_WARN_DOCUMENTATION_COMMENTS = YES;
				CLANG_WARN_EMPTY_BODY = YES;
				CLANG_WARN_ENUM_CONVERSION = YES;
				CLANG_WARN_INFINITE_RECURSION = YES;
				CLANG_WARN_INT_CONVERSION = YES;
				CLANG_WARN_NON_LITERAL_NULL_CONVERSION = YES;
				CLANG_WARN_OBJC_IMPLICIT_RETAIN_SELF = YES;
				CLANG_WARN_OBJC_LITERAL_CONVERSION = YES;
				CLANG_WARN_OBJC_ROOT_CLASS = YES_ERROR;
				CLANG_WARN_RANGE_LOOP_ANALYSIS = YES;
				CLANG_WARN_STRICT_PROTOTYPES = YES;
				CLANG_WARN_SUSPICIOUS_MOVE = YES;
				CLANG_WARN_UNGUARDED_AVAILABILITY = YES_AGGRESSIVE;
				CLANG_WARN_UNREACHABLE_CODE = YES;
				CLANG_WARN__DUPLICATE_METHOD_MATCH = YES;
				CODE_SIGN_IDENTITY = "iPhone Developer";
				COPY_PHASE_STRIP = NO;
				DEBUG_INFORMATION_FORMAT = dwarf;
				ENABLE_STRICT_OBJC_MSGSEND = YES;
				ENABLE_TESTABILITY = YES;
				GCC_C_LANGUAGE_STANDARD = gnu11;
				GCC_DYNAMIC_NO_PIC = NO;
				GCC_NO_COMMON_BLOCKS = YES;
				GCC_OPTIMIZATION_LEVEL = 0;
				GCC_PREPROCESSOR_DEFINITIONS = (
					"DEBUG=1",
					"$(inherited)",
				);
				GCC_WARN_64_TO_32_BIT_CONVERSION = YES;
				GCC_WARN_ABOUT_RETURN_TYPE = YES_ERROR;
				GCC_WARN_UNDECLARED_SELECTOR = YES;
				GCC_WARN_UNINITIALIZED_AUTOS = YES_AGGRESSIVE;
				GCC_WARN_UNUSED_FUNCTION = YES;
				GCC_WARN_UNUSED_VARIABLE = YES;
				IPHONEOS_DEPLOYMENT_TARGET = 11.4;
				MTL_ENABLE_DEBUG_INFO = YES;
				ONLY_ACTIVE_ARCH = YES;
				SDKROOT = iphoneos;
				SWIFT_ACTIVE_COMPILATION_CONDITIONS = DEBUG;
				SWIFT_OPTIMIZATION_LEVEL = "-Onone";
			};
			name = Debug;
		};
		DB2CFE04213040A6004ADE81 /* Release */ = {
			isa = XCBuildConfiguration;
			buildSettings = {
				ALWAYS_SEARCH_USER_PATHS = NO;
				CLANG_ANALYZER_NONNULL = YES;
				CLANG_ANALYZER_NUMBER_OBJECT_CONVERSION = YES_AGGRESSIVE;
				CLANG_CXX_LANGUAGE_STANDARD = "gnu++14";
				CLANG_CXX_LIBRARY = "libc++";
				CLANG_ENABLE_MODULES = YES;
				CLANG_ENABLE_OBJC_ARC = YES;
				CLANG_ENABLE_OBJC_WEAK = YES;
				CLANG_WARN_BLOCK_CAPTURE_AUTORELEASING = YES;
				CLANG_WARN_BOOL_CONVERSION = YES;
				CLANG_WARN_COMMA = YES;
				CLANG_WARN_CONSTANT_CONVERSION = YES;
				CLANG_WARN_DEPRECATED_OBJC_IMPLEMENTATIONS = YES;
				CLANG_WARN_DIRECT_OBJC_ISA_USAGE = YES_ERROR;
				CLANG_WARN_DOCUMENTATION_COMMENTS = YES;
				CLANG_WARN_EMPTY_BODY = YES;
				CLANG_WARN_ENUM_CONVERSION = YES;
				CLANG_WARN_INFINITE_RECURSION = YES;
				CLANG_WARN_INT_CONVERSION = YES;
				CLANG_WARN_NON_LITERAL_NULL_CONVERSION = YES;
				CLANG_WARN_OBJC_IMPLICIT_RETAIN_SELF = YES;
				CLANG_WARN_OBJC_LITERAL_CONVERSION = YES;
				CLANG_WARN_OBJC_ROOT_CLASS = YES_ERROR;
				CLANG_WARN_RANGE_LOOP_ANALYSIS = YES;
				CLANG_WARN_STRICT_PROTOTYPES = YES;
				CLANG_WARN_SUSPICIOUS_MOVE = YES;
				CLANG_WARN_UNGUARDED_AVAILABILITY = YES_AGGRESSIVE;
				CLANG_WARN_UNREACHABLE_CODE = YES;
				CLANG_WARN__DUPLICATE_METHOD_MATCH = YES;
				CODE_SIGN_IDENTITY = "iPhone Developer";
				COPY_PHASE_STRIP = NO;
				DEBUG_INFORMATION_FORMAT = "dwarf-with-dsym";
				ENABLE_NS_ASSERTIONS = NO;
				ENABLE_STRICT_OBJC_MSGSEND = YES;
				GCC_C_LANGUAGE_STANDARD = gnu11;
				GCC_NO_COMMON_BLOCKS = YES;
				GCC_WARN_64_TO_32_BIT_CONVERSION = YES;
				GCC_WARN_ABOUT_RETURN_TYPE = YES_ERROR;
				GCC_WARN_UNDECLARED_SELECTOR = YES;
				GCC_WARN_UNINITIALIZED_AUTOS = YES_AGGRESSIVE;
				GCC_WARN_UNUSED_FUNCTION = YES;
				GCC_WARN_UNUSED_VARIABLE = YES;
				IPHONEOS_DEPLOYMENT_TARGET = 11.4;
				MTL_ENABLE_DEBUG_INFO = NO;
				SDKROOT = iphoneos;
				SWIFT_COMPILATION_MODE = wholemodule;
				SWIFT_OPTIMIZATION_LEVEL = "-O";
				VALIDATE_PRODUCT = YES;
			};
			name = Release;
		};
		DB2CFE06213040A6004ADE81 /* Debug */ = {
			isa = XCBuildConfiguration;
			baseConfigurationReference = C1056AF14B87DB09CD011285 /* Pods-KaPaoTung.debug.xcconfig */;
			buildSettings = {
				ASSETCATALOG_COMPILER_APPICON_NAME = AppIcon;
				CODE_SIGN_STYLE = Automatic;
				DEVELOPMENT_TEAM = 845SQR869B;
				INFOPLIST_FILE = KaPaoTung/Info.plist;
				IPHONEOS_DEPLOYMENT_TARGET = 10.0;
				LD_RUNPATH_SEARCH_PATHS = (
					"$(inherited)",
					"@executable_path/Frameworks",
				);
				PRODUCT_BUNDLE_IDENTIFIER = lyjidapa.KaPaoTung;
				PRODUCT_NAME = "$(TARGET_NAME)";
				SWIFT_VERSION = 4.0;
				TARGETED_DEVICE_FAMILY = 1;
			};
			name = Debug;
		};
		DB2CFE07213040A6004ADE81 /* Release */ = {
			isa = XCBuildConfiguration;
			baseConfigurationReference = C2F45FD554426EE9927F8330 /* Pods-KaPaoTung.release.xcconfig */;
			buildSettings = {
				ASSETCATALOG_COMPILER_APPICON_NAME = AppIcon;
				CODE_SIGN_STYLE = Automatic;
				DEVELOPMENT_TEAM = 845SQR869B;
				INFOPLIST_FILE = KaPaoTung/Info.plist;
				IPHONEOS_DEPLOYMENT_TARGET = 10.0;
				LD_RUNPATH_SEARCH_PATHS = (
					"$(inherited)",
					"@executable_path/Frameworks",
				);
				PRODUCT_BUNDLE_IDENTIFIER = lyjidapa.KaPaoTung;
				PRODUCT_NAME = "$(TARGET_NAME)";
				SWIFT_VERSION = 4.0;
				TARGETED_DEVICE_FAMILY = 1;
			};
			name = Release;
		};
		DB2CFE09213040A6004ADE81 /* Debug */ = {
			isa = XCBuildConfiguration;
			baseConfigurationReference = 7F1006C3679DC927858DA66C /* Pods-KaPaoTungTests.debug.xcconfig */;
			buildSettings = {
				ALWAYS_EMBED_SWIFT_STANDARD_LIBRARIES = YES;
				BUNDLE_LOADER = "$(TEST_HOST)";
				CODE_SIGN_STYLE = Automatic;
				INFOPLIST_FILE = KaPaoTungTests/Info.plist;
				LD_RUNPATH_SEARCH_PATHS = (
					"$(inherited)",
					"@executable_path/Frameworks",
					"@loader_path/Frameworks",
				);
				PRODUCT_BUNDLE_IDENTIFIER = lyjidapa.KaPaoTungTests;
				PRODUCT_NAME = "$(TARGET_NAME)";
				SWIFT_VERSION = 4.0;
				TARGETED_DEVICE_FAMILY = "1,2";
				TEST_HOST = "$(BUILT_PRODUCTS_DIR)/KaPaoTung.app/KaPaoTung";
			};
			name = Debug;
		};
		DB2CFE0A213040A6004ADE81 /* Release */ = {
			isa = XCBuildConfiguration;
			baseConfigurationReference = 2CDB0A8E80F9D6AD69A8A640 /* Pods-KaPaoTungTests.release.xcconfig */;
			buildSettings = {
				ALWAYS_EMBED_SWIFT_STANDARD_LIBRARIES = YES;
				BUNDLE_LOADER = "$(TEST_HOST)";
				CODE_SIGN_STYLE = Automatic;
				INFOPLIST_FILE = KaPaoTungTests/Info.plist;
				LD_RUNPATH_SEARCH_PATHS = (
					"$(inherited)",
					"@executable_path/Frameworks",
					"@loader_path/Frameworks",
				);
				PRODUCT_BUNDLE_IDENTIFIER = lyjidapa.KaPaoTungTests;
				PRODUCT_NAME = "$(TARGET_NAME)";
				SWIFT_VERSION = 4.0;
				TARGETED_DEVICE_FAMILY = "1,2";
				TEST_HOST = "$(BUILT_PRODUCTS_DIR)/KaPaoTung.app/KaPaoTung";
			};
			name = Release;
		};
		DB2CFE0C213040A6004ADE81 /* Debug */ = {
			isa = XCBuildConfiguration;
			baseConfigurationReference = 2462DFBD75D20B7FA17BB344 /* Pods-KaPaoTungUITests.debug.xcconfig */;
			buildSettings = {
				ALWAYS_EMBED_SWIFT_STANDARD_LIBRARIES = YES;
				CODE_SIGN_STYLE = Automatic;
				INFOPLIST_FILE = KaPaoTungUITests/Info.plist;
				LD_RUNPATH_SEARCH_PATHS = (
					"$(inherited)",
					"@executable_path/Frameworks",
					"@loader_path/Frameworks",
				);
				PRODUCT_BUNDLE_IDENTIFIER = lyjidapa.KaPaoTungUITests;
				PRODUCT_NAME = "$(TARGET_NAME)";
				SWIFT_VERSION = 4.0;
				TARGETED_DEVICE_FAMILY = "1,2";
				TEST_TARGET_NAME = KaPaoTung;
			};
			name = Debug;
		};
		DB2CFE0D213040A6004ADE81 /* Release */ = {
			isa = XCBuildConfiguration;
			baseConfigurationReference = 1C8F4BAB553C660CC1E0E999 /* Pods-KaPaoTungUITests.release.xcconfig */;
			buildSettings = {
				ALWAYS_EMBED_SWIFT_STANDARD_LIBRARIES = YES;
				CODE_SIGN_STYLE = Automatic;
				INFOPLIST_FILE = KaPaoTungUITests/Info.plist;
				LD_RUNPATH_SEARCH_PATHS = (
					"$(inherited)",
					"@executable_path/Frameworks",
					"@loader_path/Frameworks",
				);
				PRODUCT_BUNDLE_IDENTIFIER = lyjidapa.KaPaoTungUITests;
				PRODUCT_NAME = "$(TARGET_NAME)";
				SWIFT_VERSION = 4.0;
				TARGETED_DEVICE_FAMILY = "1,2";
				TEST_TARGET_NAME = KaPaoTung;
			};
			name = Release;
		};
/* End XCBuildConfiguration section */

/* Begin XCConfigurationList section */
		DB2CFDD8213040A4004ADE81 /* Build configuration list for PBXProject "KaPaoTung" */ = {
			isa = XCConfigurationList;
			buildConfigurations = (
				DB2CFE03213040A6004ADE81 /* Debug */,
				DB2CFE04213040A6004ADE81 /* Release */,
			);
			defaultConfigurationIsVisible = 0;
			defaultConfigurationName = Release;
		};
		DB2CFE05213040A6004ADE81 /* Build configuration list for PBXNativeTarget "KaPaoTung" */ = {
			isa = XCConfigurationList;
			buildConfigurations = (
				DB2CFE06213040A6004ADE81 /* Debug */,
				DB2CFE07213040A6004ADE81 /* Release */,
			);
			defaultConfigurationIsVisible = 0;
			defaultConfigurationName = Release;
		};
		DB2CFE08213040A6004ADE81 /* Build configuration list for PBXNativeTarget "KaPaoTungTests" */ = {
			isa = XCConfigurationList;
			buildConfigurations = (
				DB2CFE09213040A6004ADE81 /* Debug */,
				DB2CFE0A213040A6004ADE81 /* Release */,
			);
			defaultConfigurationIsVisible = 0;
			defaultConfigurationName = Release;
		};
		DB2CFE0B213040A6004ADE81 /* Build configuration list for PBXNativeTarget "KaPaoTungUITests" */ = {
			isa = XCConfigurationList;
			buildConfigurations = (
				DB2CFE0C213040A6004ADE81 /* Debug */,
				DB2CFE0D213040A6004ADE81 /* Release */,
			);
			defaultConfigurationIsVisible = 0;
			defaultConfigurationName = Release;
		};
/* End XCConfigurationList section */
	};
	rootObject = DB2CFDD5213040A4004ADE81 /* Project object */;
}
